
Microsoft Visual Studio Solution File, Format Version 12.00
# Visual Studio Version 17
VisualStudioVersion = 17.14.36518.9 d17.14
MinimumVisualStudioVersion = 10.0.40219.1
Project("{FAE04EC0-301F-11D3-BF4B-00C04F79EFBC}") = "LexiScan.Core", "LexiScan.Core\LexiScan.Core.csproj", "{F2EE6257-2A22-4F4D-A5BC-15C4A4391985}"
EndProject
Global
	GlobalSection(SolutionConfigurationPlatforms) = preSolution
		Debug|Any CPU = Debug|Any CPU
		Release|Any CPU = Release|Any CPU
	EndGlobalSection
	GlobalSection(ProjectConfigurationPlatforms) = postSolution
		{F2EE6257-2A22-4F4D-A5BC-15C4A4391985}.Debug|Any CPU.ActiveCfg = Debug|Any CPU
		{F2EE6257-2A22-4F4D-A5BC-15C4A4391985}.Debug|Any CPU.Build.0 = Debug|Any CPU
		{F2EE6257-2A22-4F4D-A5BC-15C4A4391985}.Release|Any CPU.ActiveCfg = Release|Any CPU
		{F2EE6257-2A22-4F4D-A5BC-15C4A4391985}.Release|Any CPU.Build.0 = Release|Any CPU
	EndGlobalSection
	GlobalSection(SolutionProperties) = preSolution
		HideSolutionNode = FALSE
	EndGlobalSection
	GlobalSection(ExtensibilityGlobals) = postSolution
		SolutionGuid = {EF2D3392-FFAE-4267-B758-E417A8B98F7C}
	EndGlobalSection
EndGlobal
