
Microsoft Visual Studio Solution File, Format Version 12.00
# Visual Studio Version 17
VisualStudioVersion = 17.14.36518.9
MinimumVisualStudioVersion = 10.0.40219.1
Project("{FAE04EC0-301F-11D3-BF4B-00C04F79EFBC}") = "LexiScan.App", "LexiScan.App\LexiScan.App.csproj", "{6037CE70-9904-4FCB-B6A5-73B438D88321}"
EndProject
Project("{FAE04EC0-301F-11D3-BF4B-00C04F79EFBC}") = "LexiScan", "..\LexiScan\LexiScan\LexiScan.csproj", "{D914A8DC-60BA-4266-31BB-8BA5A4110D55}"
EndProject
Project("{FAE04EC0-301F-11D3-BF4B-00C04F79EFBC}") = "LexiScanData", "..\LexiScan\LexiScanData\LexiScanData.csproj", "{D6ED7244-D8E9-11EC-63D6-F1A026D5D73E}"
EndProject
Project("{FAE04EC0-301F-11D3-BF4B-00C04F79EFBC}") = "LexiScanService", "..\LexiScan\LexiScanService\LexiScanService.csproj", "{44FE81D1-7EC1-B560-AC45-BC37979DF158}"
EndProject
Project("{FAE04EC0-301F-11D3-BF4B-00C04F79EFBC}") = "LexiScanUI", "..\LexiScan\LexiScanUI\LexiScanUI.csproj", "{FE8448C5-9E76-5BD1-A0AD-C4AE628925F4}"
EndProject
Project("{FAE04EC0-301F-11D3-BF4B-00C04F79EFBC}") = "ScreenTranslator", "..\ScreenTranslator\ScreenTranslator\ScreenTranslator.csproj", "{C1EEF497-DDD2-2653-3358-5C3B100F9D91}"
EndProject
Project("{FAE04EC0-301F-11D3-BF4B-00C04F79EFBC}") = "LexiScan.Core", "..\LexiScann\LexiScan.Core\LexiScan.Core.csproj", "{3CE062AE-F238-2E3C-F741-39C0A881129F}"
EndProject
Global
	GlobalSection(SolutionConfigurationPlatforms) = preSolution
		Debug|Any CPU = Debug|Any CPU
		Release|Any CPU = Release|Any CPU
	EndGlobalSection
	GlobalSection(ProjectConfigurationPlatforms) = postSolution
		{6037CE70-9904-4FCB-B6A5-73B438D88321}.Debug|Any CPU.ActiveCfg = Debug|Any CPU
		{6037CE70-9904-4FCB-B6A5-73B438D88321}.Debug|Any CPU.Build.0 = Debug|Any CPU
		{6037CE70-9904-4FCB-B6A5-73B438D88321}.Release|Any CPU.ActiveCfg = Release|Any CPU
		{6037CE70-9904-4FCB-B6A5-73B438D88321}.Release|Any CPU.Build.0 = Release|Any CPU
		{D914A8DC-60BA-4266-31BB-8BA5A4110D55}.Debug|Any CPU.ActiveCfg = Debug|Any CPU
		{D914A8DC-60BA-4266-31BB-8BA5A4110D55}.Debug|Any CPU.Build.0 = Debug|Any CPU
		{D914A8DC-60BA-4266-31BB-8BA5A4110D55}.Release|Any CPU.ActiveCfg = Release|Any CPU
		{D914A8DC-60BA-4266-31BB-8BA5A4110D55}.Release|Any CPU.Build.0 = Release|Any CPU
		{D6ED7244-D8E9-11EC-63D6-F1A026D5D73E}.Debug|Any CPU.ActiveCfg = Debug|Any CPU
		{D6ED7244-D8E9-11EC-63D6-F1A026D5D73E}.Debug|Any CPU.Build.0 = Debug|Any CPU
		{D6ED7244-D8E9-11EC-63D6-F1A026D5D73E}.Release|Any CPU.ActiveCfg = Release|Any CPU
		{D6ED7244-D8E9-11EC-63D6-F1A026D5D73E}.Release|Any CPU.Build.0 = Release|Any CPU
		{44FE81D1-7EC1-B560-AC45-BC37979DF158}.Debug|Any CPU.ActiveCfg = Debug|Any CPU
		{44FE81D1-7EC1-B560-AC45-BC37979DF158}.Debug|Any CPU.Build.0 = Debug|Any CPU
		{44FE81D1-7EC1-B560-AC45-BC37979DF158}.Release|Any CPU.ActiveCfg = Release|Any CPU
		{44FE81D1-7EC1-B560-AC45-BC37979DF158}.Release|Any CPU.Build.0 = Release|Any CPU
		{FE8448C5-9E76-5BD1-A0AD-C4AE628925F4}.Debug|Any CPU.ActiveCfg = Debug|Any CPU
		{FE8448C5-9E76-5BD1-A0AD-C4AE628925F4}.Debug|Any CPU.Build.0 = Debug|Any CPU
		{FE8448C5-9E76-5BD1-A0AD-C4AE628925F4}.Release|Any CPU.ActiveCfg = Release|Any CPU
		{FE8448C5-9E76-5BD1-A0AD-C4AE628925F4}.Release|Any CPU.Build.0 = Release|Any CPU
		{C1EEF497-DDD2-2653-3358-5C3B100F9D91}.Debug|Any CPU.ActiveCfg = Debug|Any CPU
		{C1EEF497-DDD2-2653-3358-5C3B100F9D91}.Debug|Any CPU.Build.0 = Debug|Any CPU
		{C1EEF497-DDD2-2653-3358-5C3B100F9D91}.Release|Any CPU.ActiveCfg = Release|Any CPU
		{C1EEF497-DDD2-2653-3358-5C3B100F9D91}.Release|Any CPU.Build.0 = Release|Any CPU
		{3CE062AE-F238-2E3C-F741-39C0A881129F}.Debug|Any CPU.ActiveCfg = Debug|Any CPU
		{3CE062AE-F238-2E3C-F741-39C0A881129F}.Debug|Any CPU.Build.0 = Debug|Any CPU
		{3CE062AE-F238-2E3C-F741-39C0A881129F}.Release|Any CPU.ActiveCfg = Release|Any CPU
		{3CE062AE-F238-2E3C-F741-39C0A881129F}.Release|Any CPU.Build.0 = Release|Any CPU
	EndGlobalSection
	GlobalSection(SolutionProperties) = preSolution
		HideSolutionNode = FALSE
	EndGlobalSection
	GlobalSection(ExtensibilityGlobals) = postSolution
		SolutionGuid = {2741236B-3046-4FA4-BD92-0CA00056A0EB}
	EndGlobalSection
EndGlobal
