
Microsoft Visual Studio Solution File, Format Version 12.00
# Visual Studio Version 17
VisualStudioVersion = 17.14.36518.9
MinimumVisualStudioVersion = 10.0.40219.1
Project("{FAE04EC0-301F-11D3-BF4B-00C04F79EFBC}") = "LexiScan.App", "LexiScan.App\LexiScan.App.csproj", "{6037CE70-9904-4FCB-B6A5-73B438D88321}"
EndProject
Project("{FAE04EC0-301F-11D3-BF4B-00C04F79EFBC}") = "ScreenTranslator", "..\ScreenTranslator\ScreenTranslator\ScreenTranslator.csproj", "{C1EEF497-DDD2-2653-3358-5C3B100F9D91}"
EndProject
Project("{FAE04EC0-301F-11D3-BF4B-00C04F79EFBC}") = "LexiScan.Core", "..\LexiScan.Core\LexiScan.Core.csproj", "{E75AC055-4827-03C4-A53D-19E42BDED36F}"
EndProject
Project("{FAE04EC0-301F-11D3-BF4B-00C04F79EFBC}") = "LexiScanData", "..\LexiScanData\LexiScanData.csproj", "{CF4259D8-1D7A-C71F-BC9E-0A39144F2819}"
EndProject
Project("{FAE04EC0-301F-11D3-BF4B-00C04F79EFBC}") = "LexiScanUI", "..\LexiScanUI\LexiScanUI.csproj", "{2FCE220D-023C-68D4-074E-407A25B6DA09}"
EndProject
Global
	GlobalSection(SolutionConfigurationPlatforms) = preSolution
		Debug|Any CPU = Debug|Any CPU
		Release|Any CPU = Release|Any CPU
	EndGlobalSection
	GlobalSection(ProjectConfigurationPlatforms) = postSolution
		{6037CE70-9904-4FCB-B6A5-73B438D88321}.Debug|Any CPU.ActiveCfg = Debug|Any CPU
		{6037CE70-9904-4FCB-B6A5-73B438D88321}.Debug|Any CPU.Build.0 = Debug|Any CPU
		{6037CE70-9904-4FCB-B6A5-73B438D88321}.Release|Any CPU.ActiveCfg = Release|Any CPU
		{6037CE70-9904-4FCB-B6A5-73B438D88321}.Release|Any CPU.Build.0 = Release|Any CPU
		{C1EEF497-DDD2-2653-3358-5C3B100F9D91}.Debug|Any CPU.ActiveCfg = Debug|Any CPU
		{C1EEF497-DDD2-2653-3358-5C3B100F9D91}.Debug|Any CPU.Build.0 = Debug|Any CPU
		{C1EEF497-DDD2-2653-3358-5C3B100F9D91}.Release|Any CPU.ActiveCfg = Release|Any CPU
		{C1EEF497-DDD2-2653-3358-5C3B100F9D91}.Release|Any CPU.Build.0 = Release|Any CPU
		{E75AC055-4827-03C4-A53D-19E42BDED36F}.Debug|Any CPU.ActiveCfg = Debug|Any CPU
		{E75AC055-4827-03C4-A53D-19E42BDED36F}.Debug|Any CPU.Build.0 = Debug|Any CPU
		{E75AC055-4827-03C4-A53D-19E42BDED36F}.Release|Any CPU.ActiveCfg = Release|Any CPU
		{E75AC055-4827-03C4-A53D-19E42BDED36F}.Release|Any CPU.Build.0 = Release|Any CPU
		{CF4259D8-1D7A-C71F-BC9E-0A39144F2819}.Debug|Any CPU.ActiveCfg = Debug|Any CPU
		{CF4259D8-1D7A-C71F-BC9E-0A39144F2819}.Debug|Any CPU.Build.0 = Debug|Any CPU
		{CF4259D8-1D7A-C71F-BC9E-0A39144F2819}.Release|Any CPU.ActiveCfg = Release|Any CPU
		{CF4259D8-1D7A-C71F-BC9E-0A39144F2819}.Release|Any CPU.Build.0 = Release|Any CPU
		{2FCE220D-023C-68D4-074E-407A25B6DA09}.Debug|Any CPU.ActiveCfg = Debug|Any CPU
		{2FCE220D-023C-68D4-074E-407A25B6DA09}.Debug|Any CPU.Build.0 = Debug|Any CPU
		{2FCE220D-023C-68D4-074E-407A25B6DA09}.Release|Any CPU.ActiveCfg = Release|Any CPU
		{2FCE220D-023C-68D4-074E-407A25B6DA09}.Release|Any CPU.Build.0 = Release|Any CPU
	EndGlobalSection
	GlobalSection(SolutionProperties) = preSolution
		HideSolutionNode = FALSE
	EndGlobalSection
	GlobalSection(ExtensibilityGlobals) = postSolution
		SolutionGuid = {2741236B-3046-4FA4-BD92-0CA00056A0EB}
	EndGlobalSection
EndGlobal
